<?xml version="1.0" encoding="utf-8"?>
<Project ToolsVersion="4.0" xmlns="http://schemas.microsoft.com/developer/msbuild/2003">
  <ItemGroup>
    <ClCompile Include="adler32.c" />
    <ClCompile Include="compress.c" />
    <ClCompile Include="crc32.c" />
    <ClCompile Include="deflate.c" />
    <ClCompile Include="gzio.c" />
    <ClCompile Include="infback.c" />
    <ClCompile Include="inffast.c" />
    <ClCompile Include="inflate.c" />
    <ClCompile Include="inftrees.c" />
    <ClCompile Include="png.c" />
    <ClCompile Include="pngerror.c" />
    <ClCompile Include="pngget.c" />
    <ClCompile Include="pngmem.c" />
    <ClCompile Include="pngpread.c" />
    <ClCompile Include="pngread.c" />
    <ClCompile Include="pngrio.c" />
    <ClCompile Include="pngrtran.c" />
    <ClCompile Include="pngrutil.c" />
    <ClCompile Include="pngset.c" />
    <ClCompile Include="pngtest.c" />
    <ClCompile Include="pngtrans.c" />
    <ClCompile Include="pngwio.c" />
    <ClCompile Include="pngwrite.c" />
    <ClCompile Include="pngwtran.c" />
    <ClCompile Include="pngwutil.c" />
    <ClCompile Include="trees.c" />
    <ClCompile Include="uncompr.c" />
    <ClCompile Include="zutil.c" />
    <ClCompile Include="Main.cpp" />
  </ItemGroup>
  <ItemGroup>
    <ClInclude Include="crc32.h" />
    <ClInclude Include="deflate.h" />
    <ClInclude Include="inffast.h" />
    <ClInclude Include="inffixed.h" />
    <ClInclude Include="inflate.h" />
    <ClInclude Include="inftrees.h" />
    <ClInclude Include="png.h" />
    <ClInclude Include="pngconf.h" />
    <ClInclude Include="trees.h" />
    <ClInclude Include="zconf.h" />
    <ClInclude Include="zlib.h" />
    <ClInclude Include="zutil.h" />
  </ItemGroup>
</Project>